
Microsoft Visual Studio Solution File, Format Version 12.00
# Visual Studio Version 17
VisualStudioVersion = 17.13.35828.75
MinimumVisualStudioVersion = 10.0.40219.1
Project("{8BC9CEB8-8B4A-11D0-8D11-00A0C91BC942}") = "UdpDll", "UdpDll\UdpDll.vcxproj", "{A1419CC2-FB63-E217-E135-47B1FDEF235D}"
	ProjectSection(ProjectDependencies) = postProject
		{39D34B56-8167-EEA8-E6BD-D7A154E1AE86} = {39D34B56-8167-EEA8-E6BD-D7A154E1AE86}
	EndProjectSection
EndProject
Project("{8BC9CEB8-8B4A-11D0-8D11-00A0C91BC942}") = "MFCTest", "MFCTest\MFCTest.vcxproj", "{39D34B56-8167-EEA8-E6BD-D7A154E1AE86}"
EndProject
Global
	GlobalSection(SolutionConfigurationPlatforms) = preSolution
		Debug|x64 = Debug|x64
		Debug|x86 = Debug|x86
		Release|x64 = Release|x64
		Release|x86 = Release|x86
	EndGlobalSection
	GlobalSection(ProjectConfigurationPlatforms) = postSolution
		{A1419CC2-FB63-E217-E135-47B1FDEF235D}.Debug|x64.ActiveCfg = Debug|x64
		{A1419CC2-FB63-E217-E135-47B1FDEF235D}.Debug|x64.Build.0 = Debug|x64
		{A1419CC2-FB63-E217-E135-47B1FDEF235D}.Debug|x86.ActiveCfg = Debug|Win32
		{A1419CC2-FB63-E217-E135-47B1FDEF235D}.Debug|x86.Build.0 = Debug|Win32
		{A1419CC2-FB63-E217-E135-47B1FDEF235D}.Release|x64.ActiveCfg = Release|x64
		{A1419CC2-FB63-E217-E135-47B1FDEF235D}.Release|x64.Build.0 = Release|x64
		{A1419CC2-FB63-E217-E135-47B1FDEF235D}.Release|x86.ActiveCfg = Release|Win32
		{A1419CC2-FB63-E217-E135-47B1FDEF235D}.Release|x86.Build.0 = Release|Win32
		{39D34B56-8167-EEA8-E6BD-D7A154E1AE86}.Debug|x64.ActiveCfg = Debug|x64
		{39D34B56-8167-EEA8-E6BD-D7A154E1AE86}.Debug|x64.Build.0 = Debug|x64
		{39D34B56-8167-EEA8-E6BD-D7A154E1AE86}.Debug|x86.ActiveCfg = Debug|Win32
		{39D34B56-8167-EEA8-E6BD-D7A154E1AE86}.Debug|x86.Build.0 = Debug|Win32
		{39D34B56-8167-EEA8-E6BD-D7A154E1AE86}.Release|x64.ActiveCfg = Release|x64
		{39D34B56-8167-EEA8-E6BD-D7A154E1AE86}.Release|x64.Build.0 = Release|x64
		{39D34B56-8167-EEA8-E6BD-D7A154E1AE86}.Release|x86.ActiveCfg = Release|Win32
		{39D34B56-8167-EEA8-E6BD-D7A154E1AE86}.Release|x86.Build.0 = Release|Win32
	EndGlobalSection
	GlobalSection(SolutionProperties) = preSolution
		HideSolutionNode = FALSE
	EndGlobalSection
	GlobalSection(ExtensibilityGlobals) = postSolution
		SolutionGuid = {1F927E24-4D9D-4030-89AF-6C2EB9074786}
	EndGlobalSection
EndGlobal
